
Microsoft Visual Studio Solution File, Format Version 12.00
# Visual Studio 15
VisualStudioVersion = 15.0.28010.2050
MinimumVisualStudioVersion = 10.0.40219.1
Project("{FAE04EC0-301F-11D3-BF4B-00C04F79EFBC}") = "AspJS", "AspJS\AspJS.csproj", "{20EBE3FF-65A0-4772-B3C5-96774AE3C312}"
EndProject
Project("{00D1A9C2-B5F0-4AF3-8072-F6C62B433612}") = "AspJSDB", "AspJSDB\AspJSDB.sqlproj", "{1FD505CB-3982-4D00-A453-509EE204EE72}"
EndProject
Global
	GlobalSection(SolutionConfigurationPlatforms) = preSolution
		Debug|Any CPU = Debug|Any CPU
		Release|Any CPU = Release|Any CPU
	EndGlobalSection
	GlobalSection(ProjectConfigurationPlatforms) = postSolution
		{20EBE3FF-65A0-4772-B3C5-96774AE3C312}.Debug|Any CPU.ActiveCfg = Debug|Any CPU
		{20EBE3FF-65A0-4772-B3C5-96774AE3C312}.Debug|Any CPU.Build.0 = Debug|Any CPU
		{20EBE3FF-65A0-4772-B3C5-96774AE3C312}.Release|Any CPU.ActiveCfg = Release|Any CPU
		{20EBE3FF-65A0-4772-B3C5-96774AE3C312}.Release|Any CPU.Build.0 = Release|Any CPU
		{1FD505CB-3982-4D00-A453-509EE204EE72}.Debug|Any CPU.ActiveCfg = Debug|Any CPU
		{1FD505CB-3982-4D00-A453-509EE204EE72}.Debug|Any CPU.Build.0 = Debug|Any CPU
		{1FD505CB-3982-4D00-A453-509EE204EE72}.Debug|Any CPU.Deploy.0 = Debug|Any CPU
		{1FD505CB-3982-4D00-A453-509EE204EE72}.Release|Any CPU.ActiveCfg = Release|Any CPU
		{1FD505CB-3982-4D00-A453-509EE204EE72}.Release|Any CPU.Build.0 = Release|Any CPU
		{1FD505CB-3982-4D00-A453-509EE204EE72}.Release|Any CPU.Deploy.0 = Release|Any CPU
	EndGlobalSection
	GlobalSection(SolutionProperties) = preSolution
		HideSolutionNode = FALSE
	EndGlobalSection
	GlobalSection(ExtensibilityGlobals) = postSolution
		SolutionGuid = {1FBD5705-1484-4BB9-BA46-30E1F2D3BCA3}
	EndGlobalSection
EndGlobal
